
Microsoft Visual Studio Solution File, Format Version 12.00
# Visual Studio 15
Project("{FAE04EC0-301F-11D3-BF4B-00C04F79EFBC}") = "tdumt-cli", "tdumt-cli\tdumt-cli.csproj", "{9E55BD9A-711A-4935-8212-FA8A6CBE408D}"
EndProject
Project("{FAE04EC0-301F-11D3-BF4B-00C04F79EFBC}") = "TDUModdingTools", "tdumt-gui\TDUModdingTools.csproj", "{AA74E383-9973-4825-8C18-15C2EB656F87}"
EndProject
Project("{FAE04EC0-301F-11D3-BF4B-00C04F79EFBC}") = "TDUModdingLibrary", "tdumt-lib\TDUModdingLibrary.csproj", "{EC3A4A4F-1648-4FE9-9404-68DDA741813F}"
EndProject
Project("{FAE04EC0-301F-11D3-BF4B-00C04F79EFBC}") = "tdumt-lib-tests", "tdumt-lib-tests\tdumt-lib-tests.csproj", "{1FD0A0E2-1B4C-4CF5-8702-BEF51C9B3737}"
EndProject
Project("{9344BDBB-3E7F-41FC-A0DD-8665D75EE146}") = "TDUModAndPlay", "tdumt-patcher\TDUModAndPlay.csproj", "{17FE3D59-5B2B-4E72-8207-8341C4FA69BB}"
EndProject
Global
	GlobalSection(SolutionConfigurationPlatforms) = preSolution
		Debug|Any CPU = Debug|Any CPU
		Release|Any CPU = Release|Any CPU
		Debug|x86 = Debug|x86
		Release|x86 = Release|x86
	EndGlobalSection
	GlobalSection(ProjectConfigurationPlatforms) = postSolution
		{9E55BD9A-711A-4935-8212-FA8A6CBE408D}.Debug|Any CPU.ActiveCfg = Debug|Any CPU
		{9E55BD9A-711A-4935-8212-FA8A6CBE408D}.Debug|Any CPU.Build.0 = Debug|Any CPU
		{9E55BD9A-711A-4935-8212-FA8A6CBE408D}.Release|Any CPU.ActiveCfg = Release|Any CPU
		{9E55BD9A-711A-4935-8212-FA8A6CBE408D}.Release|Any CPU.Build.0 = Release|Any CPU
		{9E55BD9A-711A-4935-8212-FA8A6CBE408D}.Debug|x86.ActiveCfg = Debug|Any CPU
		{9E55BD9A-711A-4935-8212-FA8A6CBE408D}.Debug|x86.Build.0 = Debug|Any CPU
		{9E55BD9A-711A-4935-8212-FA8A6CBE408D}.Release|x86.ActiveCfg = Release|Any CPU
		{9E55BD9A-711A-4935-8212-FA8A6CBE408D}.Release|x86.Build.0 = Release|Any CPU
		{AA74E383-9973-4825-8C18-15C2EB656F87}.Debug|Any CPU.ActiveCfg = Debug|Any CPU
		{AA74E383-9973-4825-8C18-15C2EB656F87}.Debug|Any CPU.Build.0 = Debug|Any CPU
		{AA74E383-9973-4825-8C18-15C2EB656F87}.Release|Any CPU.ActiveCfg = Release|Any CPU
		{AA74E383-9973-4825-8C18-15C2EB656F87}.Release|Any CPU.Build.0 = Release|Any CPU
		{AA74E383-9973-4825-8C18-15C2EB656F87}.Debug|x86.ActiveCfg = Debug|x86
		{AA74E383-9973-4825-8C18-15C2EB656F87}.Debug|x86.Build.0 = Debug|x86
		{AA74E383-9973-4825-8C18-15C2EB656F87}.Release|x86.ActiveCfg = Release|x86
		{AA74E383-9973-4825-8C18-15C2EB656F87}.Release|x86.Build.0 = Release|x86
		{EC3A4A4F-1648-4FE9-9404-68DDA741813F}.Debug|Any CPU.ActiveCfg = Debug|Any CPU
		{EC3A4A4F-1648-4FE9-9404-68DDA741813F}.Debug|Any CPU.Build.0 = Debug|Any CPU
		{EC3A4A4F-1648-4FE9-9404-68DDA741813F}.Release|Any CPU.ActiveCfg = Release|Any CPU
		{EC3A4A4F-1648-4FE9-9404-68DDA741813F}.Release|Any CPU.Build.0 = Release|Any CPU
		{EC3A4A4F-1648-4FE9-9404-68DDA741813F}.Debug|x86.ActiveCfg = Debug|x86
		{EC3A4A4F-1648-4FE9-9404-68DDA741813F}.Debug|x86.Build.0 = Debug|x86
		{EC3A4A4F-1648-4FE9-9404-68DDA741813F}.Release|x86.ActiveCfg = Release|x86
		{EC3A4A4F-1648-4FE9-9404-68DDA741813F}.Release|x86.Build.0 = Release|x86
		{1FD0A0E2-1B4C-4CF5-8702-BEF51C9B3737}.Debug|Any CPU.ActiveCfg = Debug|Any CPU
		{1FD0A0E2-1B4C-4CF5-8702-BEF51C9B3737}.Debug|Any CPU.Build.0 = Debug|Any CPU
		{1FD0A0E2-1B4C-4CF5-8702-BEF51C9B3737}.Release|Any CPU.ActiveCfg = Release|Any CPU
		{1FD0A0E2-1B4C-4CF5-8702-BEF51C9B3737}.Release|Any CPU.Build.0 = Release|Any CPU
		{1FD0A0E2-1B4C-4CF5-8702-BEF51C9B3737}.Debug|x86.ActiveCfg = Debug|Any CPU
		{1FD0A0E2-1B4C-4CF5-8702-BEF51C9B3737}.Debug|x86.Build.0 = Debug|Any CPU
		{1FD0A0E2-1B4C-4CF5-8702-BEF51C9B3737}.Release|x86.ActiveCfg = Release|Any CPU
		{1FD0A0E2-1B4C-4CF5-8702-BEF51C9B3737}.Release|x86.Build.0 = Release|Any CPU
		{17FE3D59-5B2B-4E72-8207-8341C4FA69BB}.Debug|Any CPU.ActiveCfg = Debug|Any CPU
		{17FE3D59-5B2B-4E72-8207-8341C4FA69BB}.Debug|Any CPU.Build.0 = Debug|Any CPU
		{17FE3D59-5B2B-4E72-8207-8341C4FA69BB}.Release|Any CPU.ActiveCfg = Release|Any CPU
		{17FE3D59-5B2B-4E72-8207-8341C4FA69BB}.Release|Any CPU.Build.0 = Release|Any CPU
		{17FE3D59-5B2B-4E72-8207-8341C4FA69BB}.Debug|x86.ActiveCfg = Debug|x86
		{17FE3D59-5B2B-4E72-8207-8341C4FA69BB}.Debug|x86.Build.0 = Debug|x86
		{17FE3D59-5B2B-4E72-8207-8341C4FA69BB}.Release|x86.ActiveCfg = Release|x86
		{17FE3D59-5B2B-4E72-8207-8341C4FA69BB}.Release|x86.Build.0 = Release|x86
	EndGlobalSection
EndGlobal
